
Microsoft Visual Studio Solution File, Format Version 12.00
# Visual Studio Express 2013 for Windows Desktop
VisualStudioVersion = 12.0.30723.0
MinimumVisualStudioVersion = 10.0.40219.1
Project("{FAE04EC0-301F-11D3-BF4B-00C04F79EFBC}") = "Person", "Persons\Person.csproj", "{C45CF9F6-0F49-4815-B8A0-A12867774F22}"
EndProject
Project("{2150E333-8FDC-42A3-9474-1A3956D46DE8}") = "DefiningClasses", "DefiningClasses", "{E0EA0CB2-B22E-4C83-A0D7-3D824328C9F1}"
EndProject
Project("{FAE04EC0-301F-11D3-BF4B-00C04F79EFBC}") = "Laptop", "Laptop\Laptop.csproj", "{86CBF68B-C9B2-4EBA-BDFC-0B356F6B0530}"
EndProject
Project("{FAE04EC0-301F-11D3-BF4B-00C04F79EFBC}") = "PCCatalog", "PCCatalog\PCCatalog.csproj", "{DFDFC0B8-3FB8-4ACC-A8E1-9FA99A0FEBF5}"
EndProject
Global
	GlobalSection(SolutionConfigurationPlatforms) = preSolution
		Debug|Any CPU = Debug|Any CPU
		Release|Any CPU = Release|Any CPU
	EndGlobalSection
	GlobalSection(ProjectConfigurationPlatforms) = postSolution
		{C45CF9F6-0F49-4815-B8A0-A12867774F22}.Debug|Any CPU.ActiveCfg = Debug|Any CPU
		{C45CF9F6-0F49-4815-B8A0-A12867774F22}.Debug|Any CPU.Build.0 = Debug|Any CPU
		{C45CF9F6-0F49-4815-B8A0-A12867774F22}.Release|Any CPU.ActiveCfg = Release|Any CPU
		{C45CF9F6-0F49-4815-B8A0-A12867774F22}.Release|Any CPU.Build.0 = Release|Any CPU
		{86CBF68B-C9B2-4EBA-BDFC-0B356F6B0530}.Debug|Any CPU.ActiveCfg = Debug|Any CPU
		{86CBF68B-C9B2-4EBA-BDFC-0B356F6B0530}.Debug|Any CPU.Build.0 = Debug|Any CPU
		{86CBF68B-C9B2-4EBA-BDFC-0B356F6B0530}.Release|Any CPU.ActiveCfg = Release|Any CPU
		{86CBF68B-C9B2-4EBA-BDFC-0B356F6B0530}.Release|Any CPU.Build.0 = Release|Any CPU
		{DFDFC0B8-3FB8-4ACC-A8E1-9FA99A0FEBF5}.Debug|Any CPU.ActiveCfg = Debug|Any CPU
		{DFDFC0B8-3FB8-4ACC-A8E1-9FA99A0FEBF5}.Debug|Any CPU.Build.0 = Debug|Any CPU
		{DFDFC0B8-3FB8-4ACC-A8E1-9FA99A0FEBF5}.Release|Any CPU.ActiveCfg = Release|Any CPU
		{DFDFC0B8-3FB8-4ACC-A8E1-9FA99A0FEBF5}.Release|Any CPU.Build.0 = Release|Any CPU
	EndGlobalSection
	GlobalSection(SolutionProperties) = preSolution
		HideSolutionNode = FALSE
	EndGlobalSection
	GlobalSection(NestedProjects) = preSolution
		{C45CF9F6-0F49-4815-B8A0-A12867774F22} = {E0EA0CB2-B22E-4C83-A0D7-3D824328C9F1}
		{86CBF68B-C9B2-4EBA-BDFC-0B356F6B0530} = {E0EA0CB2-B22E-4C83-A0D7-3D824328C9F1}
		{DFDFC0B8-3FB8-4ACC-A8E1-9FA99A0FEBF5} = {E0EA0CB2-B22E-4C83-A0D7-3D824328C9F1}
	EndGlobalSection
EndGlobal
